
Microsoft Visual Studio Solution File, Format Version 12.00
# Visual Studio Version 17
VisualStudioVersion = 17.0.32014.148
MinimumVisualStudioVersion = 10.0.40219.1
Project("{FAE04EC0-301F-11D3-BF4B-00C04F79EFBC}") = "TheOrderManagementAPI", "TheOrderManagementAPI\TheOrderManagementAPI.csproj", "{42704DD3-71D4-4CF0-BDCA-0DAF58CDE325}"
EndProject
Project("{FAE04EC0-301F-11D3-BF4B-00C04F79EFBC}") = "TheOrderManagementAPI.Core", "TheOrderManagementAPI.Core\TheOrderManagementAPI.Core.csproj", "{ED2BF62F-F145-4D10-9A91-0E9DFBBFCD37}"
EndProject
Project("{FAE04EC0-301F-11D3-BF4B-00C04F79EFBC}") = "TheOrderManagementAPI.Business", "TheOrderManagementAPI.Business\TheOrderManagementAPI.Business.csproj", "{36F5DE31-9B9A-4C2E-B8C0-3D5BC7AFE2F7}"
EndProject
Project("{FAE04EC0-301F-11D3-BF4B-00C04F79EFBC}") = "TheOrderManagementAPI.Entities", "TheOrderManagementAPI.Entities\TheOrderManagementAPI.Entities.csproj", "{18F7B24A-772B-4BC1-AF1C-A8208FA9B273}"
EndProject
Project("{FAE04EC0-301F-11D3-BF4B-00C04F79EFBC}") = "TheOrderManagementAPI.DataAccess", "TheOrderManagementAPI.DataAccess\TheOrderManagementAPI.DataAccess.csproj", "{7BEE76E2-B07B-429B-A015-DE598210D3A0}"
EndProject
Global
	GlobalSection(SolutionConfigurationPlatforms) = preSolution
		Debug|Any CPU = Debug|Any CPU
		Release|Any CPU = Release|Any CPU
	EndGlobalSection
	GlobalSection(ProjectConfigurationPlatforms) = postSolution
		{42704DD3-71D4-4CF0-BDCA-0DAF58CDE325}.Debug|Any CPU.ActiveCfg = Debug|Any CPU
		{42704DD3-71D4-4CF0-BDCA-0DAF58CDE325}.Debug|Any CPU.Build.0 = Debug|Any CPU
		{42704DD3-71D4-4CF0-BDCA-0DAF58CDE325}.Release|Any CPU.ActiveCfg = Release|Any CPU
		{42704DD3-71D4-4CF0-BDCA-0DAF58CDE325}.Release|Any CPU.Build.0 = Release|Any CPU
		{ED2BF62F-F145-4D10-9A91-0E9DFBBFCD37}.Debug|Any CPU.ActiveCfg = Debug|Any CPU
		{ED2BF62F-F145-4D10-9A91-0E9DFBBFCD37}.Debug|Any CPU.Build.0 = Debug|Any CPU
		{ED2BF62F-F145-4D10-9A91-0E9DFBBFCD37}.Release|Any CPU.ActiveCfg = Release|Any CPU
		{ED2BF62F-F145-4D10-9A91-0E9DFBBFCD37}.Release|Any CPU.Build.0 = Release|Any CPU
		{36F5DE31-9B9A-4C2E-B8C0-3D5BC7AFE2F7}.Debug|Any CPU.ActiveCfg = Debug|Any CPU
		{36F5DE31-9B9A-4C2E-B8C0-3D5BC7AFE2F7}.Debug|Any CPU.Build.0 = Debug|Any CPU
		{36F5DE31-9B9A-4C2E-B8C0-3D5BC7AFE2F7}.Release|Any CPU.ActiveCfg = Release|Any CPU
		{36F5DE31-9B9A-4C2E-B8C0-3D5BC7AFE2F7}.Release|Any CPU.Build.0 = Release|Any CPU
		{18F7B24A-772B-4BC1-AF1C-A8208FA9B273}.Debug|Any CPU.ActiveCfg = Debug|Any CPU
		{18F7B24A-772B-4BC1-AF1C-A8208FA9B273}.Debug|Any CPU.Build.0 = Debug|Any CPU
		{18F7B24A-772B-4BC1-AF1C-A8208FA9B273}.Release|Any CPU.ActiveCfg = Release|Any CPU
		{18F7B24A-772B-4BC1-AF1C-A8208FA9B273}.Release|Any CPU.Build.0 = Release|Any CPU
		{7BEE76E2-B07B-429B-A015-DE598210D3A0}.Debug|Any CPU.ActiveCfg = Debug|Any CPU
		{7BEE76E2-B07B-429B-A015-DE598210D3A0}.Debug|Any CPU.Build.0 = Debug|Any CPU
		{7BEE76E2-B07B-429B-A015-DE598210D3A0}.Release|Any CPU.ActiveCfg = Release|Any CPU
		{7BEE76E2-B07B-429B-A015-DE598210D3A0}.Release|Any CPU.Build.0 = Release|Any CPU
	EndGlobalSection
	GlobalSection(SolutionProperties) = preSolution
		HideSolutionNode = FALSE
	EndGlobalSection
	GlobalSection(ExtensibilityGlobals) = postSolution
		SolutionGuid = {5FFB1917-D593-4CBC-B187-A60447C8B8F8}
	EndGlobalSection
EndGlobal
